# This file is automatically @generated by Cargo.
# It is not intended for manual editing.
[[package]]
name = "crc-any"
version = "2.3.4"
source = "registry+https://github.com/rust-lang/crates.io-index"
dependencies = [
 "debug-helper 0.3.9 (registry+https://github.com/rust-lang/crates.io-index)",
]

[[package]]
name = "debug-helper"
version = "0.3.9"
source = "registry+https://github.com/rust-lang/crates.io-index"

[[package]]
name = "inverter"
version = "0.1.0"
dependencies = [
 "crc-any 2.3.4 (registry+https://github.com/rust-lang/crates.io-index)",
]

[metadata]
"checksum crc-any 2.3.4 (registry+https://github.com/rust-lang/crates.io-index)" = "195351811c96dc5a8fbce362ccf80e3a616a880c2b9dd3ffddb5d5ceba29edc7"
"checksum debug-helper 0.3.9 (registry+https://github.com/rust-lang/crates.io-index)" = "176e6bb9f0e859d6f44fbcb4bbe63375d28b289175a46de1c0e79e788cb045a5"
